dependencies:
- name: backend
  repository: file://./charts/backend
  version: 1.0.0
- name: frontend
  repository: file://./charts/frontend
  version: 1.0.0
- name: postgresql
  repository: file://./charts/postgresql
  version: 1.0.0
digest: sha256:c4c1928afca194804493c5bd8a1a60b2c31824af97017e9c171b14756bf499b6
generated: "2026-01-12T23:42:58.507981+04:00"
